// !$*UTF8*$!
{
	archiveVersion = 1;
	classes = {
	};
	objectVersion = 56;
	objects = {

/* Begin PBXBuildFile section */
		1090088A5F8153A7F024C3C1 /* Location.swift in Sources */ = {isa = PBXBuildFile; fileRef = 75778B25DFA73A102CB2F31B /* Location.swift */; };
		11E1B14E0C5E57861816A7C9 /* LocationsFeature.swift in Sources */ = {isa = PBXBuildFile; fileRef = 32BBBBC0440D2969A1D3007E /* LocationsFeature.swift */; };
		128DC5FF31E63C4D484B82D4 /* TuistAssets+WeatherGrid.swift in Sources */ = {isa = PBXBuildFile; fileRef = C882EF6D8F56FB303DD9A0DA /* TuistAssets+WeatherGrid.swift */; };
		314649B97F5EF5DE9B51BE58 /* TuistBundle+WeatherGrid.swift in Sources */ = {isa = PBXBuildFile; fileRef = D93A19D88E9E4BB1D10D2F9E /* TuistBundle+WeatherGrid.swift */; };
		38C07BD62BC4E70700352F4E /* LocationsView.swift in Sources */ = {isa = PBXBuildFile; fileRef = 38C07BD52BC4E70700352F4E /* LocationsView.swift */; };
		38C07BD82BC5117000352F4E /* NetworkManager.swift in Sources */ = {isa = PBXBuildFile; fileRef = 38C07BD72BC5117000352F4E /* NetworkManager.swift */; };
		4CC4E2F1A12A6095443503F6 /* Locations_GPS.csv in Resources */ = {isa = PBXBuildFile; fileRef = 54512EDC7614D57A2E999FB0 /* Locations_GPS.csv */; };
		52A768F044450EBF4C9A32E4 /* DataManager.swift in Sources */ = {isa = PBXBuildFile; fileRef = DC80922DEADDB59D963DFBD3 /* DataManager.swift */; };
		59209B2AAE35138DD9C699AF /* ComposableArchitecture in Frameworks */ = {isa = PBXBuildFile; productRef = C7A5E888AC315A81F62A4C22 /* ComposableArchitecture */; };
		60D1D321A04B17CBC457E78A /* Locations_Grid.csv in Resources */ = {isa = PBXBuildFile; fileRef = D451D67E93FBB4478CB4D7B9 /* Locations_Grid.csv */; };
		795A213FECC4B3DFB12977A3 /* Preview Assets.xcassets in Resources */ = {isa = PBXBuildFile; fileRef = 51BA44D9515E66F8514BD11B /* Preview Assets.xcassets */; };
		83264F16CE9974EF0FFE629E /* Weather.swift in Sources */ = {isa = PBXBuildFile; fileRef = 2F5E3A6C88A00554B6523E85 /* Weather.swift */; };
		9BF87DC308121BCE74B0E2FB /* Assets.xcassets in Resources */ = {isa = PBXBuildFile; fileRef = 3C5F4EB8F96BECD520C89EF6 /* Assets.xcassets */; };
		BF447EC2502CE2B2269AF0A7 /* LaunchScreen.storyboard in Resources */ = {isa = PBXBuildFile; fileRef = BA35FCB22C9F3B5049C69C8F /* LaunchScreen.storyboard */; };
		E6D630DC225C1A1E9B009060 /* WeatherApp.swift in Sources */ = {isa = PBXBuildFile; fileRef = E2866D415972583F867F7D1D /* WeatherApp.swift */; };
		F4D4683D180EEE71894EF1EA /* WeatherTests.swift in Sources */ = {isa = PBXBuildFile; fileRef = C20A9424E382555BA0BD4DA6 /* WeatherTests.swift */; };
/* End PBXBuildFile section */

/* Begin PBXContainerItemProxy section */
		DA5B4129A389F0A92DCEE252 /* PBXContainerItemProxy */ = {
			isa = PBXContainerItemProxy;
			containerPortal = 6359DD3CB564CBC7F75B5385 /* Project object */;
			proxyType = 1;
			remoteGlobalIDString = 0DE4BD2D41E0833FA07536D6;
			remoteInfo = "weather-grid";
		};
/* End PBXContainerItemProxy section */

/* Begin PBXCopyFilesBuildPhase section */
		7FAFB5E33969731040C935A3 /* Embed Frameworks */ = {
			isa = PBXCopyFilesBuildPhase;
			buildActionMask = 2147483647;
			dstPath = "";
			dstSubfolderSpec = 10;
			files = (
			);
			name = "Embed Frameworks";
			runOnlyForDeploymentPostprocessing = 0;
		};
		CD00536562129001989B285E /* Embed Frameworks */ = {
			isa = PBXCopyFilesBuildPhase;
			buildActionMask = 2147483647;
			dstPath = "";
			dstSubfolderSpec = 10;
			files = (
			);
			name = "Embed Frameworks";
			runOnlyForDeploymentPostprocessing = 0;
		};
/* End PBXCopyFilesBuildPhase section */

/* Begin PBXFileReference section */
		2F5E3A6C88A00554B6523E85 /* Weather.swift */ = {isa = PBXFileReference; lastKnownFileType = sourcecode.swift; path = Weather.swift; sourceTree = "<group>"; };
		32BBBBC0440D2969A1D3007E /* LocationsFeature.swift */ = {isa = PBXFileReference; lastKnownFileType = sourcecode.swift; path = LocationsFeature.swift; sourceTree = "<group>"; };
		35BCD74C11749C4C531E5447 /* weather-gridTests-Info.plist */ = {isa = PBXFileReference; lastKnownFileType = text.plist; path = "weather-gridTests-Info.plist"; sourceTree = "<group>"; };
		38C07BD52BC4E70700352F4E /* LocationsView.swift */ = {isa = PBXFileReference; lastKnownFileType = sourcecode.swift; path = LocationsView.swift; sourceTree = "<group>"; };
		38C07BD72BC5117000352F4E /* NetworkManager.swift */ = {isa = PBXFileReference; lastKnownFileType = sourcecode.swift; path = NetworkManager.swift; sourceTree = "<group>"; };
		3C5F4EB8F96BECD520C89EF6 /* Assets.xcassets */ = {isa = PBXFileReference; lastKnownFileType = folder.assetcatalog; path = Assets.xcassets; sourceTree = "<group>"; };
		51BA44D9515E66F8514BD11B /* Preview Assets.xcassets */ = {isa = PBXFileReference; lastKnownFileType = folder.assetcatalog; path = "Preview Assets.xcassets"; sourceTree = "<group>"; };
		54512EDC7614D57A2E999FB0 /* Locations_GPS.csv */ = {isa = PBXFileReference; lastKnownFileType = text; path = Locations_GPS.csv; sourceTree = "<group>"; };
		6B75B74C17E039507D5D79BC /* weather-grid-Info.plist */ = {isa = PBXFileReference; lastKnownFileType = text.plist; path = "weather-grid-Info.plist"; sourceTree = "<group>"; };
		75778B25DFA73A102CB2F31B /* Location.swift */ = {isa = PBXFileReference; lastKnownFileType = sourcecode.swift; path = Location.swift; sourceTree = "<group>"; };
		861615173F962D489FAE976B /* weather_gridTests.xctest */ = {isa = PBXFileReference; explicitFileType = wrapper.cfbundle; includeInIndex = 0; path = weather_gridTests.xctest; sourceTree = BUILT_PRODUCTS_DIR; };
		99F24807EB410CAB46C8D8DD /* weather_grid.app */ = {isa = PBXFileReference; explicitFileType = wrapper.application; includeInIndex = 0; path = weather_grid.app; sourceTree = BUILT_PRODUCTS_DIR; };
		BA35FCB22C9F3B5049C69C8F /* LaunchScreen.storyboard */ = {isa = PBXFileReference; lastKnownFileType = file.storyboard; path = LaunchScreen.storyboard; sourceTree = "<group>"; };
		C20A9424E382555BA0BD4DA6 /* WeatherTests.swift */ = {isa = PBXFileReference; lastKnownFileType = sourcecode.swift; path = WeatherTests.swift; sourceTree = "<group>"; };
		C882EF6D8F56FB303DD9A0DA /* TuistAssets+WeatherGrid.swift */ = {isa = PBXFileReference; lastKnownFileType = sourcecode.swift; path = "TuistAssets+WeatherGrid.swift"; sourceTree = "<group>"; };
		D451D67E93FBB4478CB4D7B9 /* Locations_Grid.csv */ = {isa = PBXFileReference; lastKnownFileType = text; path = Locations_Grid.csv; sourceTree = "<group>"; };
		D93A19D88E9E4BB1D10D2F9E /* TuistBundle+WeatherGrid.swift */ = {isa = PBXFileReference; lastKnownFileType = sourcecode.swift; path = "TuistBundle+WeatherGrid.swift"; sourceTree = "<group>"; };
		DC80922DEADDB59D963DFBD3 /* DataManager.swift */ = {isa = PBXFileReference; lastKnownFileType = sourcecode.swift; path = DataManager.swift; sourceTree = "<group>"; };
		E2866D415972583F867F7D1D /* WeatherApp.swift */ = {isa = PBXFileReference; lastKnownFileType = sourcecode.swift; path = WeatherApp.swift; sourceTree = "<group>"; };
/* End PBXFileReference section */

/* Begin PBXFrameworksBuildPhase section */
		CAF2E44E944055F4B87CFD21 /* Frameworks */ = {
			isa = PBXFrameworksBuildPhase;
			buildActionMask = 2147483647;
			files = (
				59209B2AAE35138DD9C699AF /* ComposableArchitecture in Frameworks */,
			);
			runOnlyForDeploymentPostprocessing = 0;
		};
		EF319685387AD8DBCBF17F59 /* Frameworks */ = {
			isa = PBXFrameworksBuildPhase;
			buildActionMask = 2147483647;
			files = (
			);
			runOnlyForDeploymentPostprocessing = 0;
		};
/* End PBXFrameworksBuildPhase section */

/* Begin PBXGroup section */
		00285F2B181900FB4ECCF592 /* Sources */ = {
			isa = PBXGroup;
			children = (
				C882EF6D8F56FB303DD9A0DA /* TuistAssets+WeatherGrid.swift */,
				D93A19D88E9E4BB1D10D2F9E /* TuistBundle+WeatherGrid.swift */,
			);
			path = Sources;
			sourceTree = "<group>";
		};
		31EF1DE3E9F06269B73EDE35 /* Managers */ = {
			isa = PBXGroup;
			children = (
				DC80922DEADDB59D963DFBD3 /* DataManager.swift */,
				38C07BD72BC5117000352F4E /* NetworkManager.swift */,
			);
			path = Managers;
			sourceTree = "<group>";
		};
		38C07BD42BC4E6EC00352F4E /* Feature */ = {
			isa = PBXGroup;
			children = (
				32BBBBC0440D2969A1D3007E /* LocationsFeature.swift */,
				38C07BD52BC4E70700352F4E /* LocationsView.swift */,
			);
			path = Feature;
			sourceTree = "<group>";
		};
		38C07BD92BC5830700352F4E /* App */ = {
			isa = PBXGroup;
			children = (
				E2866D415972583F867F7D1D /* WeatherApp.swift */,
			);
			path = App;
			sourceTree = "<group>";
		};
		44C84766D9BB2674FACECF92 /* Derived */ = {
			isa = PBXGroup;
			children = (
				C827F022EE41AC34D2720FD8 /* InfoPlists */,
				00285F2B181900FB4ECCF592 /* Sources */,
			);
			path = Derived;
			sourceTree = "<group>";
		};
		5369D64178E991A852C09FF9 /* Frameworks */ = {
			isa = PBXGroup;
			children = (
			);
			name = Frameworks;
			sourceTree = "<group>";
		};
		680954893D64B1C7DD0D53AA /* Preview Content */ = {
			isa = PBXGroup;
			children = (
				51BA44D9515E66F8514BD11B /* Preview Assets.xcassets */,
			);
			path = "Preview Content";
			sourceTree = "<group>";
		};
		69EB8926EAD84AF12264F31D /* Weather */ = {
			isa = PBXGroup;
			children = (
				CD054A22B514A3961F49CD96 /* Resources */,
				FAD5C208A6B24375E31D6A76 /* Sources */,
				F91B975016413E07AEE20B3B /* Tests */,
			);
			path = Weather;
			sourceTree = "<group>";
		};
		7C3860EB51D60630D05BB89A /* Project */ = {
			isa = PBXGroup;
			children = (
				44C84766D9BB2674FACECF92 /* Derived */,
				69EB8926EAD84AF12264F31D /* Weather */,
			);
			name = Project;
			sourceTree = "<group>";
		};
		980CE069C9D8D6DF46D5BEA0 = {
			isa = PBXGroup;
			children = (
				7C3860EB51D60630D05BB89A /* Project */,
				5369D64178E991A852C09FF9 /* Frameworks */,
				EAFAA58F195D6F56A3681DC6 /* Products */,
			);
			sourceTree = "<group>";
		};
		C827F022EE41AC34D2720FD8 /* InfoPlists */ = {
			isa = PBXGroup;
			children = (
				6B75B74C17E039507D5D79BC /* weather-grid-Info.plist */,
				35BCD74C11749C4C531E5447 /* weather-gridTests-Info.plist */,
			);
			path = InfoPlists;
			sourceTree = "<group>";
		};
		CD054A22B514A3961F49CD96 /* Resources */ = {
			isa = PBXGroup;
			children = (
				680954893D64B1C7DD0D53AA /* Preview Content */,
				3C5F4EB8F96BECD520C89EF6 /* Assets.xcassets */,
				BA35FCB22C9F3B5049C69C8F /* LaunchScreen.storyboard */,
				54512EDC7614D57A2E999FB0 /* Locations_GPS.csv */,
				D451D67E93FBB4478CB4D7B9 /* Locations_Grid.csv */,
			);
			path = Resources;
			sourceTree = "<group>";
		};
		EAFAA58F195D6F56A3681DC6 /* Products */ = {
			isa = PBXGroup;
			children = (
				99F24807EB410CAB46C8D8DD /* weather_grid.app */,
				861615173F962D489FAE976B /* weather_gridTests.xctest */,
			);
			name = Products;
			sourceTree = "<group>";
		};
		ED36566D50FB18C0342E2BCA /* Models */ = {
			isa = PBXGroup;
			children = (
				75778B25DFA73A102CB2F31B /* Location.swift */,
				2F5E3A6C88A00554B6523E85 /* Weather.swift */,
			);
			path = Models;
			sourceTree = "<group>";
		};
		F91B975016413E07AEE20B3B /* Tests */ = {
			isa = PBXGroup;
			children = (
				C20A9424E382555BA0BD4DA6 /* WeatherTests.swift */,
			);
			path = Tests;
			sourceTree = "<group>";
		};
		FAD5C208A6B24375E31D6A76 /* Sources */ = {
			isa = PBXGroup;
			children = (
				38C07BD92BC5830700352F4E /* App */,
				31EF1DE3E9F06269B73EDE35 /* Managers */,
				ED36566D50FB18C0342E2BCA /* Models */,
				38C07BD42BC4E6EC00352F4E /* Feature */,
			);
			path = Sources;
			sourceTree = "<group>";
		};
/* End PBXGroup section */

/* Begin PBXNativeTarget section */
		0DE4BD2D41E0833FA07536D6 /* weather-grid */ = {
			isa = PBXNativeTarget;
			buildConfigurationList = 2A1CB9CC19B966794B893006 /* Build configuration list for PBXNativeTarget "weather-grid" */;
			buildPhases = (
				FD688A813FA8FE976892C949 /* Sources */,
				09F1DF7A9DCFBC51843351DE /* Resources */,
				CD00536562129001989B285E /* Embed Frameworks */,
				CAF2E44E944055F4B87CFD21 /* Frameworks */,
			);
			buildRules = (
			);
			dependencies = (
			);
			name = "weather-grid";
			packageProductDependencies = (
				C7A5E888AC315A81F62A4C22 /* ComposableArchitecture */,
			);
			productName = weather_grid;
			productReference = 99F24807EB410CAB46C8D8DD /* weather_grid.app */;
			productType = "com.apple.product-type.application";
		};
		829A510A6F77DBC3075FB433 /* weather-gridTests */ = {
			isa = PBXNativeTarget;
			buildConfigurationList = 3061A4505F94CD569BE565DD /* Build configuration list for PBXNativeTarget "weather-gridTests" */;
			buildPhases = (
				3B0F437F8C2CC42CB5C40CAA /* Sources */,
				12A29C600CA5CFDF0CE187FA /* Resources */,
				7FAFB5E33969731040C935A3 /* Embed Frameworks */,
				EF319685387AD8DBCBF17F59 /* Frameworks */,
			);
			buildRules = (
			);
			dependencies = (
				7459A0A7FA59079C92AC356C /* PBXTargetDependency */,
			);
			name = "weather-gridTests";
			productName = weather_gridTests;
			productReference = 861615173F962D489FAE976B /* weather_gridTests.xctest */;
			productType = "com.apple.product-type.bundle.unit-test";
		};
/* End PBXNativeTarget section */

/* Begin PBXProject section */
		6359DD3CB564CBC7F75B5385 /* Project object */ = {
			isa = PBXProject;
			attributes = {
				BuildIndependentTargetsInParallel = YES;
				LastUpgradeCheck = 1530;
				ORGANIZATIONNAME = "weather-ios";
				TargetAttributes = {
					829A510A6F77DBC3075FB433 = {
						TestTargetID = 0DE4BD2D41E0833FA07536D6;
					};
				};
			};
			buildConfigurationList = D3EC08FA1714520A0C7C3ED8 /* Build configuration list for PBXProject "Weather" */;
			compatibilityVersion = "Xcode 14.0";
			developmentRegion = en;
			hasScannedForEncodings = 0;
			knownRegions = (
				Base,
				en,
			);
			mainGroup = 980CE069C9D8D6DF46D5BEA0;
			packageReferences = (
				FFDA49CAA4E18049BE4B151D /* XCRemoteSwiftPackageReference "swift-composable-architecture" */,
			);
			productRefGroup = EAFAA58F195D6F56A3681DC6 /* Products */;
			projectDirPath = "";
			projectRoot = "";
			targets = (
				0DE4BD2D41E0833FA07536D6 /* weather-grid */,
				829A510A6F77DBC3075FB433 /* weather-gridTests */,
			);
		};
/* End PBXProject section */

/* Begin PBXResourcesBuildPhase section */
		09F1DF7A9DCFBC51843351DE /* Resources */ = {
			isa = PBXResourcesBuildPhase;
			buildActionMask = 2147483647;
			files = (
				9BF87DC308121BCE74B0E2FB /* Assets.xcassets in Resources */,
				BF447EC2502CE2B2269AF0A7 /* LaunchScreen.storyboard in Resources */,
				4CC4E2F1A12A6095443503F6 /* Locations_GPS.csv in Resources */,
				60D1D321A04B17CBC457E78A /* Locations_Grid.csv in Resources */,
				795A213FECC4B3DFB12977A3 /* Preview Assets.xcassets in Resources */,
			);
			runOnlyForDeploymentPostprocessing = 0;
		};
		12A29C600CA5CFDF0CE187FA /* Resources */ = {
			isa = PBXResourcesBuildPhase;
			buildActionMask = 2147483647;
			files = (
			);
			runOnlyForDeploymentPostprocessing = 0;
		};
/* End PBXResourcesBuildPhase section */

/* Begin PBXSourcesBuildPhase section */
		3B0F437F8C2CC42CB5C40CAA /* Sources */ = {
			isa = PBXSourcesBuildPhase;
			buildActionMask = 2147483647;
			files = (
				F4D4683D180EEE71894EF1EA /* WeatherTests.swift in Sources */,
			);
			runOnlyForDeploymentPostprocessing = 0;
		};
		FD688A813FA8FE976892C949 /* Sources */ = {
			isa = PBXSourcesBuildPhase;
			buildActionMask = 2147483647;
			files = (
				128DC5FF31E63C4D484B82D4 /* TuistAssets+WeatherGrid.swift in Sources */,
				314649B97F5EF5DE9B51BE58 /* TuistBundle+WeatherGrid.swift in Sources */,
				11E1B14E0C5E57861816A7C9 /* LocationsFeature.swift in Sources */,
				38C07BD82BC5117000352F4E /* NetworkManager.swift in Sources */,
				52A768F044450EBF4C9A32E4 /* DataManager.swift in Sources */,
				1090088A5F8153A7F024C3C1 /* Location.swift in Sources */,
				38C07BD62BC4E70700352F4E /* LocationsView.swift in Sources */,
				83264F16CE9974EF0FFE629E /* Weather.swift in Sources */,
				E6D630DC225C1A1E9B009060 /* WeatherApp.swift in Sources */,
			);
			runOnlyForDeploymentPostprocessing = 0;
		};
/* End PBXSourcesBuildPhase section */

/* Begin PBXTargetDependency section */
		7459A0A7FA59079C92AC356C /* PBXTargetDependency */ = {
			isa = PBXTargetDependency;
			name = "weather-grid";
			target = 0DE4BD2D41E0833FA07536D6 /* weather-grid */;
			targetProxy = DA5B4129A389F0A92DCEE252 /* PBXContainerItemProxy */;
		};
/* End PBXTargetDependency section */

/* Begin XCBuildConfiguration section */
		337AC5E7A5E06D7878119062 /* Release */ = {
			isa = XCBuildConfiguration;
			buildSettings = {
				BUNDLE_LOADER = "$(TEST_HOST)";
				CODE_SIGN_IDENTITY = "iPhone Developer";
				INFOPLIST_FILE = "Derived/InfoPlists/weather-gridTests-Info.plist";
				LD_RUNPATH_SEARCH_PATHS = (
					"$(inherited)",
					"@executable_path/Frameworks",
					"@loader_path/Frameworks",
				);
				PRODUCT_BUNDLE_IDENTIFIER = com.hyeonsik.WeatherTests;
				PRODUCT_NAME = weather_gridTests;
				SDKROOT = iphoneos;
				SUPPORTS_MACCATALYST = NO;
				SUPPORTS_MAC_DESIGNED_FOR_IPHONE_IPAD = YES;
				SUPPORTS_XR_DESIGNED_FOR_IPHONE_IPAD = NO;
				SWIFT_COMPILATION_MODE = wholemodule;
				SWIFT_OPTIMIZATION_LEVEL = "-Owholemodule";
				SWIFT_VERSION = 5.0;
				TARGETED_DEVICE_FAMILY = "1,2";
				TEST_HOST = "$(BUILT_PRODUCTS_DIR)/weather_grid.app/$(BUNDLE_EXECUTABLE_FOLDER_PATH)/weather_grid";
				TEST_TARGET_NAME = "weather-grid";
			};
			name = Release;
		};
		37596FAF292884D1465B1713 /* Debug */ = {
			isa = XCBuildConfiguration;
			buildSettings = {
				ALWAYS_SEARCH_USER_PATHS = NO;
				CLANG_ANALYZER_LOCALIZABILITY_NONLOCALIZED = YES;
				CLANG_ANALYZER_NONNULL = YES;
				CLANG_ANALYZER_NUMBER_OBJECT_CONVERSION = YES_AGGRESSIVE;
				CLANG_CXX_LANGUAGE_STANDARD = "gnu++14";
				CLANG_CXX_LIBRARY = "libc++";
				CLANG_ENABLE_MODULES = YES;
				CLANG_ENABLE_OBJC_ARC = YES;
				CLANG_ENABLE_OBJC_WEAK = YES;
				CLANG_WARN_BLOCK_CAPTURE_AUTORELEASING = YES;
				CLANG_WARN_BOOL_CONVERSION = YES;
				CLANG_WARN_COMMA = YES;
				CLANG_WARN_CONSTANT_CONVERSION = YES;
				CLANG_WARN_DEPRECATED_OBJC_IMPLEMENTATIONS = YES;
				CLANG_WARN_DIRECT_OBJC_ISA_USAGE = YES_ERROR;
				CLANG_WARN_DOCUMENTATION_COMMENTS = YES;
				CLANG_WARN_EMPTY_BODY = YES;
				CLANG_WARN_ENUM_CONVERSION = YES;
				CLANG_WARN_INFINITE_RECURSION = YES;
				CLANG_WARN_INT_CONVERSION = YES;
				CLANG_WARN_NON_LITERAL_NULL_CONVERSION = YES;
				CLANG_WARN_OBJC_IMPLICIT_RETAIN_SELF = YES;
				CLANG_WARN_OBJC_LITERAL_CONVERSION = YES;
				CLANG_WARN_OBJC_ROOT_CLASS = YES_ERROR;
				CLANG_WARN_QUOTED_INCLUDE_IN_FRAMEWORK_HEADER = YES;
				CLANG_WARN_RANGE_LOOP_ANALYSIS = YES;
				CLANG_WARN_STRICT_PROTOTYPES = YES;
				CLANG_WARN_SUSPICIOUS_MOVE = YES;
				CLANG_WARN_UNGUARDED_AVAILABILITY = YES_AGGRESSIVE;
				CLANG_WARN_UNREACHABLE_CODE = YES;
				CLANG_WARN__DUPLICATE_METHOD_MATCH = YES;
				COPY_PHASE_STRIP = NO;
				DEAD_CODE_STRIPPING = YES;
				DEBUG_INFORMATION_FORMAT = dwarf;
				ENABLE_STRICT_OBJC_MSGSEND = YES;
				ENABLE_TESTABILITY = YES;
				ENABLE_USER_SCRIPT_SANDBOXING = YES;
				GCC_C_LANGUAGE_STANDARD = gnu11;
				GCC_DYNAMIC_NO_PIC = NO;
				GCC_NO_COMMON_BLOCKS = YES;
				GCC_OPTIMIZATION_LEVEL = 0;
				GCC_PREPROCESSOR_DEFINITIONS = (
					"DEBUG=1",
					"$(inherited)",
				);
				GCC_WARN_64_TO_32_BIT_CONVERSION = YES;
				GCC_WARN_ABOUT_RETURN_TYPE = YES_ERROR;
				GCC_WARN_UNDECLARED_SELECTOR = YES;
				GCC_WARN_UNINITIALIZED_AUTOS = YES_AGGRESSIVE;
				GCC_WARN_UNUSED_FUNCTION = YES;
				GCC_WARN_UNUSED_VARIABLE = YES;
				MTL_ENABLE_DEBUG_INFO = YES;
				ONLY_ACTIVE_ARCH = YES;
				PRODUCT_NAME = "$(TARGET_NAME)";
			};
			name = Debug;
		};
		4B2429922AC8084D2BC01300 /* Release */ = {
			isa = XCBuildConfiguration;
			buildSettings = {
				ASSETCATALOG_COMPILER_APPICON_NAME = AppIcon;
				CODE_SIGN_IDENTITY = "iPhone Developer";
				ENABLE_PREVIEWS = YES;
				INFOPLIST_FILE = "Derived/InfoPlists/weather-grid-Info.plist";
				IPHONEOS_DEPLOYMENT_TARGET = 15.0;
				LD_RUNPATH_SEARCH_PATHS = (
					"$(inherited)",
					"@executable_path/Frameworks",
				);
				PRODUCT_BUNDLE_IDENTIFIER = com.hyeonsik.Weather;
				PRODUCT_NAME = weather_grid;
				SDKROOT = iphoneos;
				SUPPORTS_MACCATALYST = NO;
				SUPPORTS_MAC_DESIGNED_FOR_IPHONE_IPAD = YES;
				SUPPORTS_XR_DESIGNED_FOR_IPHONE_IPAD = NO;
				SWIFT_COMPILATION_MODE = wholemodule;
				SWIFT_OPTIMIZATION_LEVEL = "-Owholemodule";
				SWIFT_VERSION = 5.0;
				TARGETED_DEVICE_FAMILY = "1,2";
			};
			name = Release;
		};
		A77DD54B180CC6C36F01BDD5 /* Debug */ = {
			isa = XCBuildConfiguration;
			buildSettings = {
				BUNDLE_LOADER = "$(TEST_HOST)";
				CODE_SIGN_IDENTITY = "iPhone Developer";
				INFOPLIST_FILE = "Derived/InfoPlists/weather-gridTests-Info.plist";
				LD_RUNPATH_SEARCH_PATHS = (
					"$(inherited)",
					"@executable_path/Frameworks",
					"@loader_path/Frameworks",
				);
				PRODUCT_BUNDLE_IDENTIFIER = com.hyeonsik.WeatherTests;
				PRODUCT_NAME = weather_gridTests;
				SDKROOT = iphoneos;
				SUPPORTS_MACCATALYST = NO;
				SUPPORTS_MAC_DESIGNED_FOR_IPHONE_IPAD = YES;
				SUPPORTS_XR_DESIGNED_FOR_IPHONE_IPAD = NO;
				SWIFT_ACTIVE_COMPILATION_CONDITIONS = "$(inherited) DEBUG";
				SWIFT_COMPILATION_MODE = singlefile;
				SWIFT_OPTIMIZATION_LEVEL = "-Onone";
				SWIFT_VERSION = 5.0;
				TARGETED_DEVICE_FAMILY = "1,2";
				TEST_HOST = "$(BUILT_PRODUCTS_DIR)/weather_grid.app/$(BUNDLE_EXECUTABLE_FOLDER_PATH)/weather_grid";
				TEST_TARGET_NAME = "weather-grid";
			};
			name = Debug;
		};
		C95D0D32FED1254B1971E6FE /* Debug */ = {
			isa = XCBuildConfiguration;
			buildSettings = {
				ASSETCATALOG_COMPILER_APPICON_NAME = AppIcon;
				CODE_SIGN_IDENTITY = "iPhone Developer";
				ENABLE_PREVIEWS = YES;
				INFOPLIST_FILE = "Derived/InfoPlists/weather-grid-Info.plist";
				IPHONEOS_DEPLOYMENT_TARGET = 15.0;
				LD_RUNPATH_SEARCH_PATHS = (
					"$(inherited)",
					"@executable_path/Frameworks",
				);
				PRODUCT_BUNDLE_IDENTIFIER = com.hyeonsik.Weather;
				PRODUCT_NAME = weather_grid;
				SDKROOT = iphoneos;
				SUPPORTS_MACCATALYST = NO;
				SUPPORTS_MAC_DESIGNED_FOR_IPHONE_IPAD = YES;
				SUPPORTS_XR_DESIGNED_FOR_IPHONE_IPAD = NO;
				SWIFT_ACTIVE_COMPILATION_CONDITIONS = "$(inherited) DEBUG";
				SWIFT_COMPILATION_MODE = singlefile;
				SWIFT_OPTIMIZATION_LEVEL = "-Onone";
				SWIFT_VERSION = 5.0;
				TARGETED_DEVICE_FAMILY = "1,2";
			};
			name = Debug;
		};
		FBF40A675E7F8A057EAE50C5 /* Release */ = {
			isa = XCBuildConfiguration;
			buildSettings = {
				ALWAYS_SEARCH_USER_PATHS = NO;
				CLANG_ANALYZER_LOCALIZABILITY_NONLOCALIZED = YES;
				CLANG_ANALYZER_NONNULL = YES;
				CLANG_ANALYZER_NUMBER_OBJECT_CONVERSION = YES_AGGRESSIVE;
				CLANG_CXX_LANGUAGE_STANDARD = "gnu++14";
				CLANG_CXX_LIBRARY = "libc++";
				CLANG_ENABLE_MODULES = YES;
				CLANG_ENABLE_OBJC_ARC = YES;
				CLANG_ENABLE_OBJC_WEAK = YES;
				CLANG_WARN_BLOCK_CAPTURE_AUTORELEASING = YES;
				CLANG_WARN_BOOL_CONVERSION = YES;
				CLANG_WARN_COMMA = YES;
				CLANG_WARN_CONSTANT_CONVERSION = YES;
				CLANG_WARN_DEPRECATED_OBJC_IMPLEMENTATIONS = YES;
				CLANG_WARN_DIRECT_OBJC_ISA_USAGE = YES_ERROR;
				CLANG_WARN_DOCUMENTATION_COMMENTS = YES;
				CLANG_WARN_EMPTY_BODY = YES;
				CLANG_WARN_ENUM_CONVERSION = YES;
				CLANG_WARN_INFINITE_RECURSION = YES;
				CLANG_WARN_INT_CONVERSION = YES;
				CLANG_WARN_NON_LITERAL_NULL_CONVERSION = YES;
				CLANG_WARN_OBJC_IMPLICIT_RETAIN_SELF = YES;
				CLANG_WARN_OBJC_LITERAL_CONVERSION = YES;
				CLANG_WARN_OBJC_ROOT_CLASS = YES_ERROR;
				CLANG_WARN_QUOTED_INCLUDE_IN_FRAMEWORK_HEADER = YES;
				CLANG_WARN_RANGE_LOOP_ANALYSIS = YES;
				CLANG_WARN_STRICT_PROTOTYPES = YES;
				CLANG_WARN_SUSPICIOUS_MOVE = YES;
				CLANG_WARN_UNGUARDED_AVAILABILITY = YES_AGGRESSIVE;
				CLANG_WARN_UNREACHABLE_CODE = YES;
				CLANG_WARN__DUPLICATE_METHOD_MATCH = YES;
				COPY_PHASE_STRIP = NO;
				DEAD_CODE_STRIPPING = YES;
				DEBUG_INFORMATION_FORMAT = "dwarf-with-dsym";
				ENABLE_NS_ASSERTIONS = NO;
				ENABLE_STRICT_OBJC_MSGSEND = YES;
				ENABLE_USER_SCRIPT_SANDBOXING = YES;
				GCC_C_LANGUAGE_STANDARD = gnu11;
				GCC_NO_COMMON_BLOCKS = YES;
				GCC_WARN_64_TO_32_BIT_CONVERSION = YES;
				GCC_WARN_ABOUT_RETURN_TYPE = YES_ERROR;
				GCC_WARN_UNDECLARED_SELECTOR = YES;
				GCC_WARN_UNINITIALIZED_AUTOS = YES_AGGRESSIVE;
				GCC_WARN_UNUSED_FUNCTION = YES;
				GCC_WARN_UNUSED_VARIABLE = YES;
				MTL_ENABLE_DEBUG_INFO = NO;
				PRODUCT_NAME = "$(TARGET_NAME)";
				VALIDATE_PRODUCT = YES;
			};
			name = Release;
		};
/* End XCBuildConfiguration section */

/* Begin XCConfigurationList section */
		2A1CB9CC19B966794B893006 /* Build configuration list for PBXNativeTarget "weather-grid" */ = {
			isa = XCConfigurationList;
			buildConfigurations = (
				C95D0D32FED1254B1971E6FE /* Debug */,
				4B2429922AC8084D2BC01300 /* Release */,
			);
			defaultConfigurationIsVisible = 0;
			defaultConfigurationName = Release;
		};
		3061A4505F94CD569BE565DD /* Build configuration list for PBXNativeTarget "weather-gridTests" */ = {
			isa = XCConfigurationList;
			buildConfigurations = (
				A77DD54B180CC6C36F01BDD5 /* Debug */,
				337AC5E7A5E06D7878119062 /* Release */,
			);
			defaultConfigurationIsVisible = 0;
			defaultConfigurationName = Release;
		};
		D3EC08FA1714520A0C7C3ED8 /* Build configuration list for PBXProject "Weather" */ = {
			isa = XCConfigurationList;
			buildConfigurations = (
				37596FAF292884D1465B1713 /* Debug */,
				FBF40A675E7F8A057EAE50C5 /* Release */,
			);
			defaultConfigurationIsVisible = 0;
			defaultConfigurationName = Release;
		};
/* End XCConfigurationList section */

/* Begin XCRemoteSwiftPackageReference section */
		FFDA49CAA4E18049BE4B151D /* XCRemoteSwiftPackageReference "swift-composable-architecture" */ = {
			isa = XCRemoteSwiftPackageReference;
			repositoryURL = "https://github.com/pointfreeco/swift-composable-architecture";
			requirement = {
				kind = upToNextMajorVersion;
				minimumVersion = 1.9.0;
			};
		};
/* End XCRemoteSwiftPackageReference section */

/* Begin XCSwiftPackageProductDependency section */
		C7A5E888AC315A81F62A4C22 /* ComposableArchitecture */ = {
			isa = XCSwiftPackageProductDependency;
			productName = ComposableArchitecture;
		};
/* End XCSwiftPackageProductDependency section */
	};
	rootObject = 6359DD3CB564CBC7F75B5385 /* Project object */;
}
